
Microsoft Visual Studio Solution File, Format Version 12.00
# Visual Studio 14
VisualStudioVersion = 14.0.25420.1
MinimumVisualStudioVersion = 10.0.40219.1
Project("{FAE04EC0-301F-11D3-BF4B-00C04F79EFBC}") = "WCFGameShopWarehouseService", "WCFGameShopWarehouseService\WCFGameShopWarehouseService.csproj", "{5F5A0EE6-A5EE-407F-9C21-0537C562E321}"
EndProject
Project("{FAE04EC0-301F-11D3-BF4B-00C04F79EFBC}") = "EFGameShopDatabase", "EFGameShopDatabase\EFGameShopDatabase.csproj", "{2DD3CC75-75B4-4384-AABA-2AEFC7022AE3}"
EndProject
Project("{FAE04EC0-301F-11D3-BF4B-00C04F79EFBC}") = "WarehouseWebAPI", "WarehouseWebAPI\WarehouseWebAPI.csproj", "{E6AE59A6-752C-4B27-9A31-1A4F06968F6D}"
EndProject
Global
	GlobalSection(SolutionConfigurationPlatforms) = preSolution
		Debug|Any CPU = Debug|Any CPU
		Release|Any CPU = Release|Any CPU
	EndGlobalSection
	GlobalSection(ProjectConfigurationPlatforms) = postSolution
		{5F5A0EE6-A5EE-407F-9C21-0537C562E321}.Debug|Any CPU.ActiveCfg = Debug|Any CPU
		{5F5A0EE6-A5EE-407F-9C21-0537C562E321}.Debug|Any CPU.Build.0 = Debug|Any CPU
		{5F5A0EE6-A5EE-407F-9C21-0537C562E321}.Release|Any CPU.ActiveCfg = Release|Any CPU
		{5F5A0EE6-A5EE-407F-9C21-0537C562E321}.Release|Any CPU.Build.0 = Release|Any CPU
		{2DD3CC75-75B4-4384-AABA-2AEFC7022AE3}.Debug|Any CPU.ActiveCfg = Debug|Any CPU
		{2DD3CC75-75B4-4384-AABA-2AEFC7022AE3}.Debug|Any CPU.Build.0 = Debug|Any CPU
		{2DD3CC75-75B4-4384-AABA-2AEFC7022AE3}.Release|Any CPU.ActiveCfg = Release|Any CPU
		{2DD3CC75-75B4-4384-AABA-2AEFC7022AE3}.Release|Any CPU.Build.0 = Release|Any CPU
		{E6AE59A6-752C-4B27-9A31-1A4F06968F6D}.Debug|Any CPU.ActiveCfg = Debug|Any CPU
		{E6AE59A6-752C-4B27-9A31-1A4F06968F6D}.Debug|Any CPU.Build.0 = Debug|Any CPU
		{E6AE59A6-752C-4B27-9A31-1A4F06968F6D}.Release|Any CPU.ActiveCfg = Release|Any CPU
		{E6AE59A6-752C-4B27-9A31-1A4F06968F6D}.Release|Any CPU.Build.0 = Release|Any CPU
	EndGlobalSection
	GlobalSection(SolutionProperties) = preSolution
		HideSolutionNode = FALSE
	EndGlobalSection
EndGlobal
